
Microsoft Visual Studio Solution File, Format Version 12.00
Project("{FAE04EC0-301F-11D3-BF4B-00C04F79EFBC}") = "Test.API", "Test.API.csproj", "{DFE6C89F-A480-45E6-8510-5D4E2E3DCA84}"
EndProject
Global
	GlobalSection(SolutionConfigurationPlatforms) = preSolution
		Debug|Any CPU = Debug|Any CPU
		Release|Any CPU = Release|Any CPU
	EndGlobalSection
	GlobalSection(ProjectConfigurationPlatforms) = postSolution
		{DFE6C89F-A480-45E6-8510-5D4E2E3DCA84}.Debug|Any CPU.ActiveCfg = Debug|Any CPU
		{DFE6C89F-A480-45E6-8510-5D4E2E3DCA84}.Debug|Any CPU.Build.0 = Debug|Any CPU
		{DFE6C89F-A480-45E6-8510-5D4E2E3DCA84}.Release|Any CPU.ActiveCfg = Release|Any CPU
		{DFE6C89F-A480-45E6-8510-5D4E2E3DCA84}.Release|Any CPU.Build.0 = Release|Any CPU
	EndGlobalSection
EndGlobal
